
Microsoft Visual Studio Solution File, Format Version 12.00
# Visual Studio Version 17
VisualStudioVersion = 17.5.002.0
MinimumVisualStudioVersion = 10.0.40219.1
Project("{9A19103F-16F7-4668-BE54-9A1E7A4F7556}") = "GameApp", "GameApp.csproj", "{91EDF0F1-594F-42CD-8739-3EBC930E30DF}"
EndProject
Global
	GlobalSection(SolutionConfigurationPlatforms) = preSolution
		Debug|Any CPU = Debug|Any CPU
		Release|Any CPU = Release|Any CPU
	EndGlobalSection
	GlobalSection(ProjectConfigurationPlatforms) = postSolution
		{91EDF0F1-594F-42CD-8739-3EBC930E30DF}.Debug|Any CPU.ActiveCfg = Debug|Any CPU
		{91EDF0F1-594F-42CD-8739-3EBC930E30DF}.Debug|Any CPU.Build.0 = Debug|Any CPU
		{91EDF0F1-594F-42CD-8739-3EBC930E30DF}.Release|Any CPU.ActiveCfg = Release|Any CPU
		{91EDF0F1-594F-42CD-8739-3EBC930E30DF}.Release|Any CPU.Build.0 = Release|Any CPU
	EndGlobalSection
	GlobalSection(SolutionProperties) = preSolution
		HideSolutionNode = FALSE
	EndGlobalSection
	GlobalSection(ExtensibilityGlobals) = postSolution
		SolutionGuid = {BCF1EC58-B61A-4DAA-9EB5-D4DB6B9CB08C}
	EndGlobalSection
EndGlobal
